{
  "name": "@vane/demo",
  "version": "0.0.0",
  "lockfileVersion": 3,
  "requires": true,
  "packages": {
    "": {
      "name": "@vane/demo",
      "version": "0.0.0",
      "dependencies": {
        "@vane/node": "file:../../crates/vane-node"
      },
      "engines": {
        "node": ">=18"
      }
    },
    "../../crates/vane-node": {
      "name": "@vane/node",
      "version": "0.1.0",
      "devDependencies": {
        "@napi-rs/cli": "^2.18.0",
        "ava": "^6.0.0"
      },
      "optionalDependencies": {
        "@vane/node-darwin-arm64": "0.1.0",
        "@vane/node-darwin-x64": "0.1.0",
        "@vane/node-linux-x64-gnu": "0.1.0",
        "@vane/node-win32-x64-msvc": "0.1.0"
      }
    },
    "node_modules/@vane/node": {
      "resolved": "../../crates/vane-node",
      "link": true
    }
  }
}
